// !$*UTF8*$!
{
	archiveVersion = 1;
	classes = {
	};
	objectVersion = 51;
	objects = {

/* Begin PBXBuildFile section */
		5132BFF5254FBFEA00D03AF4 /* Collection.swift in Sources */ = {isa = PBXBuildFile; fileRef = 5132BFF4254FBFEA00D03AF4 /* Collection.swift */; };
		5166EE6B254BBB6100F33C9C /* AppDelegate.swift in Sources */ = {isa = PBXBuildFile; fileRef = 5166EE6A254BBB6100F33C9C /* AppDelegate.swift */; };
		5166EE6D254BBB6100F33C9C /* SceneDelegate.swift in Sources */ = {isa = PBXBuildFile; fileRef = 5166EE6C254BBB6100F33C9C /* SceneDelegate.swift */; };
		5166EE6F254BBB6100F33C9C /* MapViewController.swift in Sources */ = {isa = PBXBuildFile; fileRef = 5166EE6E254BBB6100F33C9C /* MapViewController.swift */; };
		5166EE72254BBB6100F33C9C /* Main.storyboard in Resources */ = {isa = PBXBuildFile; fileRef = 5166EE70254BBB6100F33C9C /* Main.storyboard */; };
		5166EE75254BBB6100F33C9C /* SearchPlaces.xcdatamodeld in Sources */ = {isa = PBXBuildFile; fileRef = 5166EE73254BBB6100F33C9C /* SearchPlaces.xcdatamodeld */; };
		5166EE77254BBB6300F33C9C /* Assets.xcassets in Resources */ = {isa = PBXBuildFile; fileRef = 5166EE76254BBB6300F33C9C /* Assets.xcassets */; };
		5166EE7A254BBB6300F33C9C /* LaunchScreen.storyboard in Resources */ = {isa = PBXBuildFile; fileRef = 5166EE78254BBB6300F33C9C /* LaunchScreen.storyboard */; };
		5166EE86254BBEE600F33C9C /* SearchViewController.swift in Sources */ = {isa = PBXBuildFile; fileRef = 5166EE85254BBEE600F33C9C /* SearchViewController.swift */; };
		5166EE8B254BBFE800F33C9C /* UITableViewCell.swift in Sources */ = {isa = PBXBuildFile; fileRef = 5166EE8A254BBFE800F33C9C /* UITableViewCell.swift */; };
		5166EE8D254BBFF100F33C9C /* UIViewController.swift in Sources */ = {isa = PBXBuildFile; fileRef = 5166EE8C254BBFF100F33C9C /* UIViewController.swift */; };
		5166EE8F254BC51D00F33C9C /* APIManager.swift in Sources */ = {isa = PBXBuildFile; fileRef = 5166EE8E254BC51D00F33C9C /* APIManager.swift */; };
		5166EE93254BC54A00F33C9C /* Location.swift in Sources */ = {isa = PBXBuildFile; fileRef = 5166EE92254BC54A00F33C9C /* Location.swift */; };
		5166EE95254BC82B00F33C9C /* SearchViewModel.swift in Sources */ = {isa = PBXBuildFile; fileRef = 5166EE94254BC82B00F33C9C /* SearchViewModel.swift */; };
		5166EE97254BCB3F00F33C9C /* Panel.swift in Sources */ = {isa = PBXBuildFile; fileRef = 5166EE96254BCB3F00F33C9C /* Panel.swift */; };
		5166EE99254BD5FB00F33C9C /* MapListItem.swift in Sources */ = {isa = PBXBuildFile; fileRef = 5166EE98254BD5FB00F33C9C /* MapListItem.swift */; };
		5166EE9D254BD84200F33C9C /* LocationCell.swift in Sources */ = {isa = PBXBuildFile; fileRef = 5166EE9C254BD84200F33C9C /* LocationCell.swift */; };
		51FA8DEA254CDD5D00D6A88C /* SearchPlacesTests.swift in Sources */ = {isa = PBXBuildFile; fileRef = 51FA8DE9254CDD5D00D6A88C /* SearchPlacesTests.swift */; };
		94E229F70F326D0A937464B7 /* Pods_SearchPlaces.framework in Frameworks */ = {isa = PBXBuildFile; fileRef = 79FEAD17AA05BAA23880922A /* Pods_SearchPlaces.framework */; };
		B5D503801456C22471D4BF58 /* Pods_SearchPlacesTests.framework in Frameworks */ = {isa = PBXBuildFile; fileRef = C78450C2D3D6D073A73B0AF9 /* Pods_SearchPlacesTests.framework */; };
/* End PBXBuildFile section */

/* Begin PBXContainerItemProxy section */
		51FA8DEC254CDD5D00D6A88C /* PBXContainerItemProxy */ = {
			isa = PBXContainerItemProxy;
			containerPortal = 5166EE5F254BBB6100F33C9C /* Project object */;
			proxyType = 1;
			remoteGlobalIDString = 5166EE66254BBB6100F33C9C;
			remoteInfo = SearchPlaces;
		};
/* End PBXContainerItemProxy section */

/* Begin PBXFileReference section */
		291375759D77CBCBBE8EF259 /* Pods-SearchPlacesTests.release.xcconfig */ = {isa = PBXFileReference; includeInIndex = 1; lastKnownFileType = text.xcconfig; name = "Pods-SearchPlacesTests.release.xcconfig"; path = "Target Support Files/Pods-SearchPlacesTests/Pods-SearchPlacesTests.release.xcconfig"; sourceTree = "<group>"; };
		5132BFF4254FBFEA00D03AF4 /* Collection.swift */ = {isa = PBXFileReference; lastKnownFileType = sourcecode.swift; path = Collection.swift; sourceTree = "<group>"; };
		5166EE67254BBB6100F33C9C /* SearchPlaces.app */ = {isa = PBXFileReference; explicitFileType = wrapper.application; includeInIndex = 0; path = SearchPlaces.app; sourceTree = BUILT_PRODUCTS_DIR; };
		5166EE6A254BBB6100F33C9C /* AppDelegate.swift */ = {isa = PBXFileReference; lastKnownFileType = sourcecode.swift; path = AppDelegate.swift; sourceTree = "<group>"; };
		5166EE6C254BBB6100F33C9C /* SceneDelegate.swift */ = {isa = PBXFileReference; lastKnownFileType = sourcecode.swift; path = SceneDelegate.swift; sourceTree = "<group>"; };
		5166EE6E254BBB6100F33C9C /* MapViewController.swift */ = {isa = PBXFileReference; lastKnownFileType = sourcecode.swift; path = MapViewController.swift; sourceTree = "<group>"; };
		5166EE71254BBB6100F33C9C /* Base */ = {isa = PBXFileReference; lastKnownFileType = file.storyboard; name = Base; path = Base.lproj/Main.storyboard; sourceTree = "<group>"; };
		5166EE74254BBB6100F33C9C /* SearchPlaces.xcdatamodel */ = {isa = PBXFileReference; lastKnownFileType = wrapper.xcdatamodel; path = SearchPlaces.xcdatamodel; sourceTree = "<group>"; };
		5166EE76254BBB6300F33C9C /* Assets.xcassets */ = {isa = PBXFileReference; lastKnownFileType = folder.assetcatalog; path = Assets.xcassets; sourceTree = "<group>"; };
		5166EE79254BBB6300F33C9C /* Base */ = {isa = PBXFileReference; lastKnownFileType = file.storyboard; name = Base; path = Base.lproj/LaunchScreen.storyboard; sourceTree = "<group>"; };
		5166EE7B254BBB6300F33C9C /* Info.plist */ = {isa = PBXFileReference; lastKnownFileType = text.plist.xml; path = Info.plist; sourceTree = "<group>"; };
		5166EE85254BBEE600F33C9C /* SearchViewController.swift */ = {isa = PBXFileReference; lastKnownFileType = sourcecode.swift; path = SearchViewController.swift; sourceTree = "<group>"; };
		5166EE8A254BBFE800F33C9C /* UITableViewCell.swift */ = {isa = PBXFileReference; lastKnownFileType = sourcecode.swift; path = UITableViewCell.swift; sourceTree = "<group>"; };
		5166EE8C254BBFF100F33C9C /* UIViewController.swift */ = {isa = PBXFileReference; lastKnownFileType = sourcecode.swift; path = UIViewController.swift; sourceTree = "<group>"; };
		5166EE8E254BC51D00F33C9C /* APIManager.swift */ = {isa = PBXFileReference; lastKnownFileType = sourcecode.swift; name = APIManager.swift; path = ../APIManager.swift; sourceTree = "<group>"; };
		5166EE92254BC54A00F33C9C /* Location.swift */ = {isa = PBXFileReference; lastKnownFileType = sourcecode.swift; path = Location.swift; sourceTree = "<group>"; };
		5166EE94254BC82B00F33C9C /* SearchViewModel.swift */ = {isa = PBXFileReference; lastKnownFileType = sourcecode.swift; path = SearchViewModel.swift; sourceTree = "<group>"; };
		5166EE96254BCB3F00F33C9C /* Panel.swift */ = {isa = PBXFileReference; lastKnownFileType = sourcecode.swift; path = Panel.swift; sourceTree = "<group>"; };
		5166EE98254BD5FB00F33C9C /* MapListItem.swift */ = {isa = PBXFileReference; lastKnownFileType = sourcecode.swift; path = MapListItem.swift; sourceTree = "<group>"; };
		5166EE9C254BD84200F33C9C /* LocationCell.swift */ = {isa = PBXFileReference; lastKnownFileType = sourcecode.swift; path = LocationCell.swift; sourceTree = "<group>"; };
		51BCF63D254BEC4E00770F7B /* MapKit.framework */ = {isa = PBXFileReference; lastKnownFileType = wrapper.framework; name = MapKit.framework; path = System/Library/Frameworks/MapKit.framework; sourceTree = SDKROOT; };
		51FA8DE7254CDD5D00D6A88C /* SearchPlacesTests.xctest */ = {isa = PBXFileReference; explicitFileType = wrapper.cfbundle; includeInIndex = 0; path = SearchPlacesTests.xctest; sourceTree = BUILT_PRODUCTS_DIR; };
		51FA8DE9254CDD5D00D6A88C /* SearchPlacesTests.swift */ = {isa = PBXFileReference; lastKnownFileType = sourcecode.swift; path = SearchPlacesTests.swift; sourceTree = "<group>"; };
		51FA8DEB254CDD5D00D6A88C /* Info.plist */ = {isa = PBXFileReference; lastKnownFileType = text.plist.xml; path = Info.plist; sourceTree = "<group>"; };
		79FEAD17AA05BAA23880922A /* Pods_SearchPlaces.framework */ = {isa = PBXFileReference; explicitFileType = wrapper.framework; includeInIndex = 0; path = Pods_SearchPlaces.framework; sourceTree = BUILT_PRODUCTS_DIR; };
		A05E9E4CBBD5423E42E1F8FC /* Pods-SearchPlacesTests.debug.xcconfig */ = {isa = PBXFileReference; includeInIndex = 1; lastKnownFileType = text.xcconfig; name = "Pods-SearchPlacesTests.debug.xcconfig"; path = "Target Support Files/Pods-SearchPlacesTests/Pods-SearchPlacesTests.debug.xcconfig"; sourceTree = "<group>"; };
		C78450C2D3D6D073A73B0AF9 /* Pods_SearchPlacesTests.framework */ = {isa = PBXFileReference; explicitFileType = wrapper.framework; includeInIndex = 0; path = Pods_SearchPlacesTests.framework; sourceTree = BUILT_PRODUCTS_DIR; };
		DA32D1F62E04DD6AA70C321C /* Pods-SearchPlaces.debug.xcconfig */ = {isa = PBXFileReference; includeInIndex = 1; lastKnownFileType = text.xcconfig; name = "Pods-SearchPlaces.debug.xcconfig"; path = "Target Support Files/Pods-SearchPlaces/Pods-SearchPlaces.debug.xcconfig"; sourceTree = "<group>"; };
		E6195D5B17804E9A7417127C /* Pods-SearchPlaces.release.xcconfig */ = {isa = PBXFileReference; includeInIndex = 1; lastKnownFileType = text.xcconfig; name = "Pods-SearchPlaces.release.xcconfig"; path = "Target Support Files/Pods-SearchPlaces/Pods-SearchPlaces.release.xcconfig"; sourceTree = "<group>"; };
/* End PBXFileReference section */

/* Begin PBXFrameworksBuildPhase section */
		5166EE64254BBB6100F33C9C /* Frameworks */ = {
			isa = PBXFrameworksBuildPhase;
			buildActionMask = 2147483647;
			files = (
				94E229F70F326D0A937464B7 /* Pods_SearchPlaces.framework in Frameworks */,
			);
			runOnlyForDeploymentPostprocessing = 0;
		};
		51FA8DE4254CDD5D00D6A88C /* Frameworks */ = {
			isa = PBXFrameworksBuildPhase;
			buildActionMask = 2147483647;
			files = (
				B5D503801456C22471D4BF58 /* Pods_SearchPlacesTests.framework in Frameworks */,
			);
			runOnlyForDeploymentPostprocessing = 0;
		};
/* End PBXFrameworksBuildPhase section */

/* Begin PBXGroup section */
		5166EE5E254BBB6100F33C9C = {
			isa = PBXGroup;
			children = (
				5166EE69254BBB6100F33C9C /* SearchPlaces */,
				51FA8DE8254CDD5D00D6A88C /* SearchPlacesTests */,
				5166EE68254BBB6100F33C9C /* Products */,
				C6DC904FA5A04CF7408D1A44 /* Pods */,
				B398ABC1B15B9A323FC36D6A /* Frameworks */,
			);
			sourceTree = "<group>";
		};
		5166EE68254BBB6100F33C9C /* Products */ = {
			isa = PBXGroup;
			children = (
				5166EE67254BBB6100F33C9C /* SearchPlaces.app */,
				51FA8DE7254CDD5D00D6A88C /* SearchPlacesTests.xctest */,
			);
			name = Products;
			sourceTree = "<group>";
		};
		5166EE69254BBB6100F33C9C /* SearchPlaces */ = {
			isa = PBXGroup;
			children = (
				5166EE89254BBFCB00F33C9C /* API */,
				5166EE84254BBE7400F33C9C /* Map */,
				5166EE88254BBFC300F33C9C /* Extensions */,
				5166EE83254BBE6D00F33C9C /* Supporting Files */,
			);
			path = SearchPlaces;
			sourceTree = "<group>";
		};
		5166EE81254BBE5400F33C9C /* View */ = {
			isa = PBXGroup;
			children = (
				5166EE9C254BD84200F33C9C /* LocationCell.swift */,
				5166EE6E254BBB6100F33C9C /* MapViewController.swift */,
				5166EE85254BBEE600F33C9C /* SearchViewController.swift */,
				5166EE70254BBB6100F33C9C /* Main.storyboard */,
			);
			path = View;
			sourceTree = "<group>";
		};
		5166EE82254BBE6500F33C9C /* View Model */ = {
			isa = PBXGroup;
			children = (
				5166EE94254BC82B00F33C9C /* SearchViewModel.swift */,
			);
			path = "View Model";
			sourceTree = "<group>";
		};
		5166EE83254BBE6D00F33C9C /* Supporting Files */ = {
			isa = PBXGroup;
			children = (
				5166EE7B254BBB6300F33C9C /* Info.plist */,
				5166EE73254BBB6100F33C9C /* SearchPlaces.xcdatamodeld */,
				5166EE78254BBB6300F33C9C /* LaunchScreen.storyboard */,
				5166EE76254BBB6300F33C9C /* Assets.xcassets */,
				5166EE6A254BBB6100F33C9C /* AppDelegate.swift */,
				5166EE6C254BBB6100F33C9C /* SceneDelegate.swift */,
			);
			path = "Supporting Files";
			sourceTree = "<group>";
		};
		5166EE84254BBE7400F33C9C /* Map */ = {
			isa = PBXGroup;
			children = (
				5166EE87254BBF0300F33C9C /* Model */,
				5166EE82254BBE6500F33C9C /* View Model */,
				5166EE81254BBE5400F33C9C /* View */,
			);
			path = Map;
			sourceTree = "<group>";
		};
		5166EE87254BBF0300F33C9C /* Model */ = {
			isa = PBXGroup;
			children = (
				5166EE98254BD5FB00F33C9C /* MapListItem.swift */,
			);
			path = Model;
			sourceTree = "<group>";
		};
		5166EE88254BBFC300F33C9C /* Extensions */ = {
			isa = PBXGroup;
			children = (
				5166EE8A254BBFE800F33C9C /* UITableViewCell.swift */,
				5166EE8C254BBFF100F33C9C /* UIViewController.swift */,
				5166EE96254BCB3F00F33C9C /* Panel.swift */,
				5132BFF4254FBFEA00D03AF4 /* Collection.swift */,
			);
			path = Extensions;
			sourceTree = "<group>";
		};
		5166EE89254BBFCB00F33C9C /* API */ = {
			isa = PBXGroup;
			children = (
				5166EE91254BC53B00F33C9C /* Model */,
				5166EE90254BC53500F33C9C /* Manager */,
			);
			path = API;
			sourceTree = "<group>";
		};
		5166EE90254BC53500F33C9C /* Manager */ = {
			isa = PBXGroup;
			children = (
				5166EE8E254BC51D00F33C9C /* APIManager.swift */,
			);
			path = Manager;
			sourceTree = "<group>";
		};
		5166EE91254BC53B00F33C9C /* Model */ = {
			isa = PBXGroup;
			children = (
				5166EE92254BC54A00F33C9C /* Location.swift */,
			);
			path = Model;
			sourceTree = "<group>";
		};
		51FA8DE8254CDD5D00D6A88C /* SearchPlacesTests */ = {
			isa = PBXGroup;
			children = (
				51FA8DE9254CDD5D00D6A88C /* SearchPlacesTests.swift */,
				51FA8DEB254CDD5D00D6A88C /* Info.plist */,
			);
			path = SearchPlacesTests;
			sourceTree = "<group>";
		};
		B398ABC1B15B9A323FC36D6A /* Frameworks */ = {
			isa = PBXGroup;
			children = (
				51BCF63D254BEC4E00770F7B /* MapKit.framework */,
				79FEAD17AA05BAA23880922A /* Pods_SearchPlaces.framework */,
				C78450C2D3D6D073A73B0AF9 /* Pods_SearchPlacesTests.framework */,
			);
			name = Frameworks;
			sourceTree = "<group>";
		};
		C6DC904FA5A04CF7408D1A44 /* Pods */ = {
			isa = PBXGroup;
			children = (
				DA32D1F62E04DD6AA70C321C /* Pods-SearchPlaces.debug.xcconfig */,
				E6195D5B17804E9A7417127C /* Pods-SearchPlaces.release.xcconfig */,
				A05E9E4CBBD5423E42E1F8FC /* Pods-SearchPlacesTests.debug.xcconfig */,
				291375759D77CBCBBE8EF259 /* Pods-SearchPlacesTests.release.xcconfig */,
			);
			path = Pods;
			sourceTree = "<group>";
		};
/* End PBXGroup section */

/* Begin PBXNativeTarget section */
		5166EE66254BBB6100F33C9C /* SearchPlaces */ = {
			isa = PBXNativeTarget;
			buildConfigurationList = 5166EE7E254BBB6300F33C9C /* Build configuration list for PBXNativeTarget "SearchPlaces" */;
			buildPhases = (
				E271BFFF89AD31C376A2FBFF /* [CP] Check Pods Manifest.lock */,
				5166EE63254BBB6100F33C9C /* Sources */,
				5166EE64254BBB6100F33C9C /* Frameworks */,
				5166EE65254BBB6100F33C9C /* Resources */,
				1C5AD0D58DFB82B14068A232 /* [CP] Embed Pods Frameworks */,
			);
			buildRules = (
			);
			dependencies = (
			);
			name = SearchPlaces;
			productName = SearchPlaces;
			productReference = 5166EE67254BBB6100F33C9C /* SearchPlaces.app */;
			productType = "com.apple.product-type.application";
		};
		51FA8DE6254CDD5D00D6A88C /* SearchPlacesTests */ = {
			isa = PBXNativeTarget;
			buildConfigurationList = 51FA8DF0254CDD5D00D6A88C /* Build configuration list for PBXNativeTarget "SearchPlacesTests" */;
			buildPhases = (
				D7C687AE3981E2FF8E36A436 /* [CP] Check Pods Manifest.lock */,
				51FA8DE3254CDD5D00D6A88C /* Sources */,
				51FA8DE4254CDD5D00D6A88C /* Frameworks */,
				51FA8DE5254CDD5D00D6A88C /* Resources */,
				0C97DB9A9BA8C3D61E03E04E /* [CP] Embed Pods Frameworks */,
			);
			buildRules = (
			);
			dependencies = (
				51FA8DED254CDD5D00D6A88C /* PBXTargetDependency */,
			);
			name = SearchPlacesTests;
			productName = SearchPlacesTests;
			productReference = 51FA8DE7254CDD5D00D6A88C /* SearchPlacesTests.xctest */;
			productType = "com.apple.product-type.bundle.unit-test";
		};
/* End PBXNativeTarget section */

/* Begin PBXProject section */
		5166EE5F254BBB6100F33C9C /* Project object */ = {
			isa = PBXProject;
			attributes = {
				LastSwiftUpdateCheck = 1170;
				LastUpgradeCheck = 1170;
				ORGANIZATIONNAME = "John Paul Manoza";
				TargetAttributes = {
					5166EE66254BBB6100F33C9C = {
						CreatedOnToolsVersion = 11.7;
					};
					51FA8DE6254CDD5D00D6A88C = {
						CreatedOnToolsVersion = 11.7;
						TestTargetID = 5166EE66254BBB6100F33C9C;
					};
				};
			};
			buildConfigurationList = 5166EE62254BBB6100F33C9C /* Build configuration list for PBXProject "SearchPlaces" */;
			compatibilityVersion = "Xcode 9.3";
			developmentRegion = en;
			hasScannedForEncodings = 0;
			knownRegions = (
				en,
				Base,
			);
			mainGroup = 5166EE5E254BBB6100F33C9C;
			productRefGroup = 5166EE68254BBB6100F33C9C /* Products */;
			projectDirPath = "";
			projectRoot = "";
			targets = (
				5166EE66254BBB6100F33C9C /* SearchPlaces */,
				51FA8DE6254CDD5D00D6A88C /* SearchPlacesTests */,
			);
		};
/* End PBXProject section */

/* Begin PBXResourcesBuildPhase section */
		5166EE65254BBB6100F33C9C /* Resources */ = {
			isa = PBXResourcesBuildPhase;
			buildActionMask = 2147483647;
			files = (
				5166EE7A254BBB6300F33C9C /* LaunchScreen.storyboard in Resources */,
				5166EE77254BBB6300F33C9C /* Assets.xcassets in Resources */,
				5166EE72254BBB6100F33C9C /* Main.storyboard in Resources */,
			);
			runOnlyForDeploymentPostprocessing = 0;
		};
		51FA8DE5254CDD5D00D6A88C /* Resources */ = {
			isa = PBXResourcesBuildPhase;
			buildActionMask = 2147483647;
			files = (
			);
			runOnlyForDeploymentPostprocessing = 0;
		};
/* End PBXResourcesBuildPhase section */

/* Begin PBXShellScriptBuildPhase section */
		0C97DB9A9BA8C3D61E03E04E /* [CP] Embed Pods Frameworks */ = {
			isa = PBXShellScriptBuildPhase;
			buildActionMask = 2147483647;
			files = (
			);
			inputFileListPaths = (
				"${PODS_ROOT}/Target Support Files/Pods-SearchPlacesTests/Pods-SearchPlacesTests-frameworks-${CONFIGURATION}-input-files.xcfilelist",
			);
			name = "[CP] Embed Pods Frameworks";
			outputFileListPaths = (
				"${PODS_ROOT}/Target Support Files/Pods-SearchPlacesTests/Pods-SearchPlacesTests-frameworks-${CONFIGURATION}-output-files.xcfilelist",
			);
			runOnlyForDeploymentPostprocessing = 0;
			shellPath = /bin/sh;
			shellScript = "\"${PODS_ROOT}/Target Support Files/Pods-SearchPlacesTests/Pods-SearchPlacesTests-frameworks.sh\"\n";
			showEnvVarsInLog = 0;
		};
		1C5AD0D58DFB82B14068A232 /* [CP] Embed Pods Frameworks */ = {
			isa = PBXShellScriptBuildPhase;
			buildActionMask = 2147483647;
			files = (
			);
			inputFileListPaths = (
				"${PODS_ROOT}/Target Support Files/Pods-SearchPlaces/Pods-SearchPlaces-frameworks-${CONFIGURATION}-input-files.xcfilelist",
			);
			name = "[CP] Embed Pods Frameworks";
			outputFileListPaths = (
				"${PODS_ROOT}/Target Support Files/Pods-SearchPlaces/Pods-SearchPlaces-frameworks-${CONFIGURATION}-output-files.xcfilelist",
			);
			runOnlyForDeploymentPostprocessing = 0;
			shellPath = /bin/sh;
			shellScript = "\"${PODS_ROOT}/Target Support Files/Pods-SearchPlaces/Pods-SearchPlaces-frameworks.sh\"\n";
			showEnvVarsInLog = 0;
		};
		D7C687AE3981E2FF8E36A436 /* [CP] Check Pods Manifest.lock */ = {
			isa = PBXShellScriptBuildPhase;
			buildActionMask = 2147483647;
			files = (
			);
			inputFileListPaths = (
			);
			inputPaths = (
				"${PODS_PODFILE_DIR_PATH}/Podfile.lock",
				"${PODS_ROOT}/Manifest.lock",
			);
			name = "[CP] Check Pods Manifest.lock";
			outputFileListPaths = (
			);
			outputPaths = (
				"$(DERIVED_FILE_DIR)/Pods-SearchPlacesTests-checkManifestLockResult.txt",
			);
			runOnlyForDeploymentPostprocessing = 0;
			shellPath = /bin/sh;
			shellScript = "diff \"${PODS_PODFILE_DIR_PATH}/Podfile.lock\" \"${PODS_ROOT}/Manifest.lock\" > /dev/null\nif [ $? != 0 ] ; then\n    # print error to STDERR\n    echo \"error: The sandbox is not in sync with the Podfile.lock. Run 'pod install' or update your CocoaPods installation.\" >&2\n    exit 1\nfi\n# This output is used by Xcode 'outputs' to avoid re-running this script phase.\necho \"SUCCESS\" > \"${SCRIPT_OUTPUT_FILE_0}\"\n";
			showEnvVarsInLog = 0;
		};
		E271BFFF89AD31C376A2FBFF /* [CP] Check Pods Manifest.lock */ = {
			isa = PBXShellScriptBuildPhase;
			buildActionMask = 2147483647;
			files = (
			);
			inputFileListPaths = (
			);
			inputPaths = (
				"${PODS_PODFILE_DIR_PATH}/Podfile.lock",
				"${PODS_ROOT}/Manifest.lock",
			);
			name = "[CP] Check Pods Manifest.lock";
			outputFileListPaths = (
			);
			outputPaths = (
				"$(DERIVED_FILE_DIR)/Pods-SearchPlaces-checkManifestLockResult.txt",
			);
			runOnlyForDeploymentPostprocessing = 0;
			shellPath = /bin/sh;
			shellScript = "diff \"${PODS_PODFILE_DIR_PATH}/Podfile.lock\" \"${PODS_ROOT}/Manifest.lock\" > /dev/null\nif [ $? != 0 ] ; then\n    # print error to STDERR\n    echo \"error: The sandbox is not in sync with the Podfile.lock. Run 'pod install' or update your CocoaPods installation.\" >&2\n    exit 1\nfi\n# This output is used by Xcode 'outputs' to avoid re-running this script phase.\necho \"SUCCESS\" > \"${SCRIPT_OUTPUT_FILE_0}\"\n";
			showEnvVarsInLog = 0;
		};
/* End PBXShellScriptBuildPhase section */

/* Begin PBXSourcesBuildPhase section */
		5166EE63254BBB6100F33C9C /* Sources */ = {
			isa = PBXSourcesBuildPhase;
			buildActionMask = 2147483647;
			files = (
				5166EE8F254BC51D00F33C9C /* APIManager.swift in Sources */,
				5166EE99254BD5FB00F33C9C /* MapListItem.swift in Sources */,
				5166EE8D254BBFF100F33C9C /* UIViewController.swift in Sources */,
				5166EE86254BBEE600F33C9C /* SearchViewController.swift in Sources */,
				5166EE6F254BBB6100F33C9C /* MapViewController.swift in Sources */,
				5132BFF5254FBFEA00D03AF4 /* Collection.swift in Sources */,
				5166EE9D254BD84200F33C9C /* LocationCell.swift in Sources */,
				5166EE93254BC54A00F33C9C /* Location.swift in Sources */,
				5166EE6B254BBB6100F33C9C /* AppDelegate.swift in Sources */,
				5166EE97254BCB3F00F33C9C /* Panel.swift in Sources */,
				5166EE95254BC82B00F33C9C /* SearchViewModel.swift in Sources */,
				5166EE8B254BBFE800F33C9C /* UITableViewCell.swift in Sources */,
				5166EE6D254BBB6100F33C9C /* SceneDelegate.swift in Sources */,
				5166EE75254BBB6100F33C9C /* SearchPlaces.xcdatamodeld in Sources */,
			);
			runOnlyForDeploymentPostprocessing = 0;
		};
		51FA8DE3254CDD5D00D6A88C /* Sources */ = {
			isa = PBXSourcesBuildPhase;
			buildActionMask = 2147483647;
			files = (
				51FA8DEA254CDD5D00D6A88C /* SearchPlacesTests.swift in Sources */,
			);
			runOnlyForDeploymentPostprocessing = 0;
		};
/* End PBXSourcesBuildPhase section */

/* Begin PBXTargetDependency section */
		51FA8DED254CDD5D00D6A88C /* PBXTargetDependency */ = {
			isa = PBXTargetDependency;
			target = 5166EE66254BBB6100F33C9C /* SearchPlaces */;
			targetProxy = 51FA8DEC254CDD5D00D6A88C /* PBXContainerItemProxy */;
		};
/* End PBXTargetDependency section */

/* Begin PBXVariantGroup section */
		5166EE70254BBB6100F33C9C /* Main.storyboard */ = {
			isa = PBXVariantGroup;
			children = (
				5166EE71254BBB6100F33C9C /* Base */,
			);
			name = Main.storyboard;
			sourceTree = "<group>";
		};
		5166EE78254BBB6300F33C9C /* LaunchScreen.storyboard */ = {
			isa = PBXVariantGroup;
			children = (
				5166EE79254BBB6300F33C9C /* Base */,
			);
			name = LaunchScreen.storyboard;
			sourceTree = "<group>";
		};
/* End PBXVariantGroup section */

/* Begin XCBuildConfiguration section */
		5166EE7C254BBB6300F33C9C /* Debug */ = {
			isa = XCBuildConfiguration;
			buildSettings = {
				ALWAYS_SEARCH_USER_PATHS = NO;
				CLANG_ANALYZER_NONNULL = YES;
				CLANG_ANALYZER_NUMBER_OBJECT_CONVERSION = YES_AGGRESSIVE;
				CLANG_CXX_LANGUAGE_STANDARD = "gnu++14";
				CLANG_CXX_LIBRARY = "libc++";
				CLANG_ENABLE_MODULES = YES;
				CLANG_ENABLE_OBJC_ARC = YES;
				CLANG_ENABLE_OBJC_WEAK = YES;
				CLANG_WARN_BLOCK_CAPTURE_AUTORELEASING = YES;
				CLANG_WARN_BOOL_CONVERSION = YES;
				CLANG_WARN_COMMA = YES;
				CLANG_WARN_CONSTANT_CONVERSION = YES;
				CLANG_WARN_DEPRECATED_OBJC_IMPLEMENTATIONS = YES;
				CLANG_WARN_DIRECT_OBJC_ISA_USAGE = YES_ERROR;
				CLANG_WARN_DOCUMENTATION_COMMENTS = YES;
				CLANG_WARN_EMPTY_BODY = YES;
				CLANG_WARN_ENUM_CONVERSION = YES;
				CLANG_WARN_INFINITE_RECURSION = YES;
				CLANG_WARN_INT_CONVERSION = YES;
				CLANG_WARN_NON_LITERAL_NULL_CONVERSION = YES;
				CLANG_WARN_OBJC_IMPLICIT_RETAIN_SELF = YES;
				CLANG_WARN_OBJC_LITERAL_CONVERSION = YES;
				CLANG_WARN_OBJC_ROOT_CLASS = YES_ERROR;
				CLANG_WARN_RANGE_LOOP_ANALYSIS = YES;
				CLANG_WARN_STRICT_PROTOTYPES = YES;
				CLANG_WARN_SUSPICIOUS_MOVE = YES;
				CLANG_WARN_UNGUARDED_AVAILABILITY = YES_AGGRESSIVE;
				CLANG_WARN_UNREACHABLE_CODE = YES;
				CLANG_WARN__DUPLICATE_METHOD_MATCH = YES;
				COPY_PHASE_STRIP = NO;
				DEBUG_INFORMATION_FORMAT = dwarf;
				ENABLE_STRICT_OBJC_MSGSEND = YES;
				ENABLE_TESTABILITY = YES;
				GCC_C_LANGUAGE_STANDARD = gnu11;
				GCC_DYNAMIC_NO_PIC = NO;
				GCC_NO_COMMON_BLOCKS = YES;
				GCC_OPTIMIZATION_LEVEL = 0;
				GCC_PREPROCESSOR_DEFINITIONS = (
					"DEBUG=1",
					"$(inherited)",
				);
				GCC_WARN_64_TO_32_BIT_CONVERSION = YES;
				GCC_WARN_ABOUT_RETURN_TYPE = YES_ERROR;
				GCC_WARN_UNDECLARED_SELECTOR = YES;
				GCC_WARN_UNINITIALIZED_AUTOS = YES_AGGRESSIVE;
				GCC_WARN_UNUSED_FUNCTION = YES;
				GCC_WARN_UNUSED_VARIABLE = YES;
				IPHONEOS_DEPLOYMENT_TARGET = 13.7;
				MTL_ENABLE_DEBUG_INFO = INCLUDE_SOURCE;
				MTL_FAST_MATH = YES;
				ONLY_ACTIVE_ARCH = YES;
				SDKROOT = iphoneos;
				SWIFT_ACTIVE_COMPILATION_CONDITIONS = DEBUG;
				SWIFT_OPTIMIZATION_LEVEL = "-Onone";
			};
			name = Debug;
		};
		5166EE7D254BBB6300F33C9C /* Release */ = {
			isa = XCBuildConfiguration;
			buildSettings = {
				ALWAYS_SEARCH_USER_PATHS = NO;
				CLANG_ANALYZER_NONNULL = YES;
				CLANG_ANALYZER_NUMBER_OBJECT_CONVERSION = YES_AGGRESSIVE;
				CLANG_CXX_LANGUAGE_STANDARD = "gnu++14";
				CLANG_CXX_LIBRARY = "libc++";
				CLANG_ENABLE_MODULES = YES;
				CLANG_ENABLE_OBJC_ARC = YES;
				CLANG_ENABLE_OBJC_WEAK = YES;
				CLANG_WARN_BLOCK_CAPTURE_AUTORELEASING = YES;
				CLANG_WARN_BOOL_CONVERSION = YES;
				CLANG_WARN_COMMA = YES;
				CLANG_WARN_CONSTANT_CONVERSION = YES;
				CLANG_WARN_DEPRECATED_OBJC_IMPLEMENTATIONS = YES;
				CLANG_WARN_DIRECT_OBJC_ISA_USAGE = YES_ERROR;
				CLANG_WARN_DOCUMENTATION_COMMENTS = YES;
				CLANG_WARN_EMPTY_BODY = YES;
				CLANG_WARN_ENUM_CONVERSION = YES;
				CLANG_WARN_INFINITE_RECURSION = YES;
				CLANG_WARN_INT_CONVERSION = YES;
				CLANG_WARN_NON_LITERAL_NULL_CONVERSION = YES;
				CLANG_WARN_OBJC_IMPLICIT_RETAIN_SELF = YES;
				CLANG_WARN_OBJC_LITERAL_CONVERSION = YES;
				CLANG_WARN_OBJC_ROOT_CLASS = YES_ERROR;
				CLANG_WARN_RANGE_LOOP_ANALYSIS = YES;
				CLANG_WARN_STRICT_PROTOTYPES = YES;
				CLANG_WARN_SUSPICIOUS_MOVE = YES;
				CLANG_WARN_UNGUARDED_AVAILABILITY = YES_AGGRESSIVE;
				CLANG_WARN_UNREACHABLE_CODE = YES;
				CLANG_WARN__DUPLICATE_METHOD_MATCH = YES;
				COPY_PHASE_STRIP = NO;
				DEBUG_INFORMATION_FORMAT = "dwarf-with-dsym";
				ENABLE_NS_ASSERTIONS = NO;
				ENABLE_STRICT_OBJC_MSGSEND = YES;
				GCC_C_LANGUAGE_STANDARD = gnu11;
				GCC_NO_COMMON_BLOCKS = YES;
				GCC_WARN_64_TO_32_BIT_CONVERSION = YES;
				GCC_WARN_ABOUT_RETURN_TYPE = YES_ERROR;
				GCC_WARN_UNDECLARED_SELECTOR = YES;
				GCC_WARN_UNINITIALIZED_AUTOS = YES_AGGRESSIVE;
				GCC_WARN_UNUSED_FUNCTION = YES;
				GCC_WARN_UNUSED_VARIABLE = YES;
				IPHONEOS_DEPLOYMENT_TARGET = 13.7;
				MTL_ENABLE_DEBUG_INFO = NO;
				MTL_FAST_MATH = YES;
				SDKROOT = iphoneos;
				SWIFT_COMPILATION_MODE = wholemodule;
				SWIFT_OPTIMIZATION_LEVEL = "-O";
				VALIDATE_PRODUCT = YES;
			};
			name = Release;
		};
		5166EE7F254BBB6300F33C9C /* Debug */ = {
			isa = XCBuildConfiguration;
			baseConfigurationReference = DA32D1F62E04DD6AA70C321C /* Pods-SearchPlaces.debug.xcconfig */;
			buildSettings = {
				ASSETCATALOG_COMPILER_APPICON_NAME = AppIcon;
				CODE_SIGN_IDENTITY = "iPhone Developer";
				CODE_SIGN_STYLE = Manual;
				DEVELOPMENT_TEAM = J5KR3U8E95;
				INFOPLIST_FILE = "SearchPlaces/Supporting Files/Info.plist";
				LD_RUNPATH_SEARCH_PATHS = (
					"$(inherited)",
					"@executable_path/Frameworks",
				);
				PRODUCT_BUNDLE_IDENTIFIER = com.jpmanoza.SearchPlaces;
				PRODUCT_NAME = "$(TARGET_NAME)";
				PROVISIONING_PROFILE_SPECIFIER = "BigDish Development Apps";
				SWIFT_VERSION = 5.0;
				TARGETED_DEVICE_FAMILY = "1,2";
			};
			name = Debug;
		};
		5166EE80254BBB6300F33C9C /* Release */ = {
			isa = XCBuildConfiguration;
			baseConfigurationReference = E6195D5B17804E9A7417127C /* Pods-SearchPlaces.release.xcconfig */;
			buildSettings = {
				ASSETCATALOG_COMPILER_APPICON_NAME = AppIcon;
				CODE_SIGN_IDENTITY = "iPhone Developer";
				CODE_SIGN_STYLE = Manual;
				DEVELOPMENT_TEAM = J5KR3U8E95;
				INFOPLIST_FILE = "SearchPlaces/Supporting Files/Info.plist";
				LD_RUNPATH_SEARCH_PATHS = (
					"$(inherited)",
					"@executable_path/Frameworks",
				);
				PRODUCT_BUNDLE_IDENTIFIER = com.jpmanoza.SearchPlaces;
				PRODUCT_NAME = "$(TARGET_NAME)";
				PROVISIONING_PROFILE_SPECIFIER = "BigDish Development Apps";
				SWIFT_VERSION = 5.0;
				TARGETED_DEVICE_FAMILY = "1,2";
			};
			name = Release;
		};
		51FA8DEE254CDD5D00D6A88C /* Debug */ = {
			isa = XCBuildConfiguration;
			baseConfigurationReference = A05E9E4CBBD5423E42E1F8FC /* Pods-SearchPlacesTests.debug.xcconfig */;
			buildSettings = {
				BUNDLE_LOADER = "$(TEST_HOST)";
				CODE_SIGN_STYLE = Automatic;
				DEVELOPMENT_TEAM = UYBM4DV87M;
				INFOPLIST_FILE = SearchPlacesTests/Info.plist;
				LD_RUNPATH_SEARCH_PATHS = (
					"$(inherited)",
					"@executable_path/Frameworks",
					"@loader_path/Frameworks",
				);
				PRODUCT_BUNDLE_IDENTIFIER = com.jpmanoza.SearchPlacesTests;
				PRODUCT_NAME = "$(TARGET_NAME)";
				SWIFT_VERSION = 5.0;
				TARGETED_DEVICE_FAMILY = "1,2";
				TEST_HOST = "$(BUILT_PRODUCTS_DIR)/SearchPlaces.app/SearchPlaces";
			};
			name = Debug;
		};
		51FA8DEF254CDD5D00D6A88C /* Release */ = {
			isa = XCBuildConfiguration;
			baseConfigurationReference = 291375759D77CBCBBE8EF259 /* Pods-SearchPlacesTests.release.xcconfig */;
			buildSettings = {
				BUNDLE_LOADER = "$(TEST_HOST)";
				CODE_SIGN_STYLE = Automatic;
				DEVELOPMENT_TEAM = UYBM4DV87M;
				INFOPLIST_FILE = SearchPlacesTests/Info.plist;
				LD_RUNPATH_SEARCH_PATHS = (
					"$(inherited)",
					"@executable_path/Frameworks",
					"@loader_path/Frameworks",
				);
				PRODUCT_BUNDLE_IDENTIFIER = com.jpmanoza.SearchPlacesTests;
				PRODUCT_NAME = "$(TARGET_NAME)";
				SWIFT_VERSION = 5.0;
				TARGETED_DEVICE_FAMILY = "1,2";
				TEST_HOST = "$(BUILT_PRODUCTS_DIR)/SearchPlaces.app/SearchPlaces";
			};
			name = Release;
		};
/* End XCBuildConfiguration section */

/* Begin XCConfigurationList section */
		5166EE62254BBB6100F33C9C /* Build configuration list for PBXProject "SearchPlaces" */ = {
			isa = XCConfigurationList;
			buildConfigurations = (
				5166EE7C254BBB6300F33C9C /* Debug */,
				5166EE7D254BBB6300F33C9C /* Release */,
			);
			defaultConfigurationIsVisible = 0;
			defaultConfigurationName = Release;
		};
		5166EE7E254BBB6300F33C9C /* Build configuration list for PBXNativeTarget "SearchPlaces" */ = {
			isa = XCConfigurationList;
			buildConfigurations = (
				5166EE7F254BBB6300F33C9C /* Debug */,
				5166EE80254BBB6300F33C9C /* Release */,
			);
			defaultConfigurationIsVisible = 0;
			defaultConfigurationName = Release;
		};
		51FA8DF0254CDD5D00D6A88C /* Build configuration list for PBXNativeTarget "SearchPlacesTests" */ = {
			isa = XCConfigurationList;
			buildConfigurations = (
				51FA8DEE254CDD5D00D6A88C /* Debug */,
				51FA8DEF254CDD5D00D6A88C /* Release */,
			);
			defaultConfigurationIsVisible = 0;
			defaultConfigurationName = Release;
		};
/* End XCConfigurationList section */

/* Begin XCVersionGroup section */
		5166EE73254BBB6100F33C9C /* SearchPlaces.xcdatamodeld */ = {
			isa = XCVersionGroup;
			children = (
				5166EE74254BBB6100F33C9C /* SearchPlaces.xcdatamodel */,
			);
			currentVersion = 5166EE74254BBB6100F33C9C /* SearchPlaces.xcdatamodel */;
			path = SearchPlaces.xcdatamodeld;
			sourceTree = "<group>";
			versionGroupType = wrapper.xcdatamodel;
		};
/* End XCVersionGroup section */
	};
	rootObject = 5166EE5F254BBB6100F33C9C /* Project object */;
}
